
Microsoft Visual Studio Solution File, Format Version 12.00
# Visual Studio Version 17
VisualStudioVersion = 17.7.34221.43
MinimumVisualStudioVersion = 10.0.40219.1
Project("{FAE04EC0-301F-11D3-BF4B-00C04F79EFBC}") = "tyuiu.student.OdintsovNS.ISTNB-22-1.web-library", "tyuiu.student.OdintsovNS.ISTNB-22-1.web-library\tyuiu.student.OdintsovNS.ISTNB-22-1.web-library.csproj", "{508D1A96-D888-40D6-BC44-5E4142950077}"
EndProject
Global
	GlobalSection(SolutionConfigurationPlatforms) = preSolution
		Debug|Any CPU = Debug|Any CPU
		Release|Any CPU = Release|Any CPU
	EndGlobalSection
	GlobalSection(ProjectConfigurationPlatforms) = postSolution
		{508D1A96-D888-40D6-BC44-5E4142950077}.Debug|Any CPU.ActiveCfg = Debug|Any CPU
		{508D1A96-D888-40D6-BC44-5E4142950077}.Debug|Any CPU.Build.0 = Debug|Any CPU
		{508D1A96-D888-40D6-BC44-5E4142950077}.Release|Any CPU.ActiveCfg = Release|Any CPU
		{508D1A96-D888-40D6-BC44-5E4142950077}.Release|Any CPU.Build.0 = Release|Any CPU
	EndGlobalSection
	GlobalSection(SolutionProperties) = preSolution
		HideSolutionNode = FALSE
	EndGlobalSection
	GlobalSection(ExtensibilityGlobals) = postSolution
		SolutionGuid = {5201B8C5-3E54-44A7-AE2B-926FF2D470C7}
	EndGlobalSection
EndGlobal
